
Microsoft Visual Studio Solution File, Format Version 12.00
# Visual Studio Version 16
VisualStudioVersion = 16.0.32413.511
MinimumVisualStudioVersion = 10.0.40219.1
Project("{9A19103F-16F7-4668-BE54-9A1E7A4F7556}") = "CartingService", "CartingService\CartingService.csproj", "{6A3800EE-45CE-4871-827F-C7692A09E007}"
EndProject
Project("{9A19103F-16F7-4668-BE54-9A1E7A4F7556}") = "DAL", "DAL\DAL.csproj", "{6DF03F15-39A7-425B-A4E0-1831FC383A64}"
EndProject
Project("{9A19103F-16F7-4668-BE54-9A1E7A4F7556}") = "BLL", "BLL\BLL.csproj", "{98EC0925-52F1-47E2-BF21-A23B5237A908}"
EndProject
Global
	GlobalSection(SolutionConfigurationPlatforms) = preSolution
		Debug|Any CPU = Debug|Any CPU
		Release|Any CPU = Release|Any CPU
	EndGlobalSection
	GlobalSection(ProjectConfigurationPlatforms) = postSolution
		{6A3800EE-45CE-4871-827F-C7692A09E007}.Debug|Any CPU.ActiveCfg = Debug|Any CPU
		{6A3800EE-45CE-4871-827F-C7692A09E007}.Debug|Any CPU.Build.0 = Debug|Any CPU
		{6A3800EE-45CE-4871-827F-C7692A09E007}.Release|Any CPU.ActiveCfg = Release|Any CPU
		{6A3800EE-45CE-4871-827F-C7692A09E007}.Release|Any CPU.Build.0 = Release|Any CPU
		{6DF03F15-39A7-425B-A4E0-1831FC383A64}.Debug|Any CPU.ActiveCfg = Debug|Any CPU
		{6DF03F15-39A7-425B-A4E0-1831FC383A64}.Debug|Any CPU.Build.0 = Debug|Any CPU
		{6DF03F15-39A7-425B-A4E0-1831FC383A64}.Release|Any CPU.ActiveCfg = Release|Any CPU
		{6DF03F15-39A7-425B-A4E0-1831FC383A64}.Release|Any CPU.Build.0 = Release|Any CPU
		{98EC0925-52F1-47E2-BF21-A23B5237A908}.Debug|Any CPU.ActiveCfg = Debug|Any CPU
		{98EC0925-52F1-47E2-BF21-A23B5237A908}.Debug|Any CPU.Build.0 = Debug|Any CPU
		{98EC0925-52F1-47E2-BF21-A23B5237A908}.Release|Any CPU.ActiveCfg = Release|Any CPU
		{98EC0925-52F1-47E2-BF21-A23B5237A908}.Release|Any CPU.Build.0 = Release|Any CPU
	EndGlobalSection
	GlobalSection(SolutionProperties) = preSolution
		HideSolutionNode = FALSE
	EndGlobalSection
	GlobalSection(ExtensibilityGlobals) = postSolution
		SolutionGuid = {9997113E-2780-41D5-83EF-65CFA19A8426}
	EndGlobalSection
EndGlobal
